
Microsoft Visual Studio Solution File, Format Version 12.00
# Visual Studio Version 17
VisualStudioVersion = 17.5.002.0
MinimumVisualStudioVersion = 10.0.40219.1
Project("{9A19103F-16F7-4668-BE54-9A1E7A4F7556}") = "Sudoku", "Sudoku.csproj", "{CD351B24-A262-431D-9B3F-016C96F660E8}"
EndProject
Project("{FAE04EC0-301F-11D3-BF4B-00C04F79EFBC}") = "SudokuLibraryTest", "..\SudokuLibraryTest\SudokuLibraryTest.csproj", "{04029776-E25E-4C7B-A899-6E3E255901C8}"
EndProject
Global
	GlobalSection(SolutionConfigurationPlatforms) = preSolution
		Debug|Any CPU = Debug|Any CPU
		Release|Any CPU = Release|Any CPU
	EndGlobalSection
	GlobalSection(ProjectConfigurationPlatforms) = postSolution
		{CD351B24-A262-431D-9B3F-016C96F660E8}.Debug|Any CPU.ActiveCfg = Debug|Any CPU
		{CD351B24-A262-431D-9B3F-016C96F660E8}.Debug|Any CPU.Build.0 = Debug|Any CPU
		{CD351B24-A262-431D-9B3F-016C96F660E8}.Release|Any CPU.ActiveCfg = Release|Any CPU
		{CD351B24-A262-431D-9B3F-016C96F660E8}.Release|Any CPU.Build.0 = Release|Any CPU
		{04029776-E25E-4C7B-A899-6E3E255901C8}.Debug|Any CPU.ActiveCfg = Debug|Any CPU
		{04029776-E25E-4C7B-A899-6E3E255901C8}.Debug|Any CPU.Build.0 = Debug|Any CPU
		{04029776-E25E-4C7B-A899-6E3E255901C8}.Release|Any CPU.ActiveCfg = Release|Any CPU
		{04029776-E25E-4C7B-A899-6E3E255901C8}.Release|Any CPU.Build.0 = Release|Any CPU
	EndGlobalSection
	GlobalSection(SolutionProperties) = preSolution
		HideSolutionNode = FALSE
	EndGlobalSection
	GlobalSection(ExtensibilityGlobals) = postSolution
		SolutionGuid = {C34E9FCC-7C4F-4337-854E-B26EF586368F}
	EndGlobalSection
EndGlobal
